version = 1
revision = 3
requires-python = ">=3.11"

[[package]]
name = "boto3"
version = "1.40.67"
source = { registry = "https://pypi.org/simple" }
dependencies = [
    { name = "botocore" },
    { name = "jmespath" },
    { name = "s3transfer" },
]
sdist = { url = "https://files.pythonhosted.org/packages/40/a5/0e87ff413d2ca57500b1ec9e583a83589ed56fc27af8bacf8f0681c28672/boto3-1.40.67.tar.gz", hash = "sha256:3e4317139ace6d44658b8e1f2b5b6612f05b45720721841c90cdee45b02aa514", size = 111587, upload-time = "2025-11-05T20:33:16.326Z" }
wheels = [
    { url = "https://files.pythonhosted.org/packages/b9/2d/f4896b59ff21d1bf228bde2973b5c5af2debc71e11137533dd088f094846/boto3-1.40.67-py3-none-any.whl", hash = "sha256:3d06e9b3c7abedb8253c7d75b9ab27005480ca1e6e448d1f3c3cc3e209673ca0", size = 139362, upload-time = "2025-11-05T20:33:14.994Z" },
]

[[package]]
name = "botocore"
version = "1.40.67"
source = { registry = "https://pypi.org/simple" }
dependencies = [
    { name = "jmespath" },
    { name = "python-dateutil" },
    { name = "urllib3" },
]
sdist = { url = "https://files.pythonhosted.org/packages/2d/aa/4d3d04e3fb2f497fbe574051d50180a6326ffef481caea80837605a0016d/botocore-1.40.67.tar.gz", hash = "sha256:cc086f39c877aee0ea8dc88ef69062c9f395b9d30d49bfcfac7b8b7e61864b3a", size = 14417097, upload-time = "2025-11-05T20:33:06.595Z" }
wheels = [
    { url = "https://files.pythonhosted.org/packages/9e/65/2b50bb0112d6e2c171c8e07cc7f2a0581d39b850921d4defdf5421098fc9/botocore-1.40.67-py3-none-any.whl", hash = "sha256:e49e61f6718e8bc8b34e9bb8a97f16c8dc560485faef4981b55d76f825c9d78a", size = 14081807, upload-time = "2025-11-05T20:33:03.804Z" },
]

[[package]]
name = "jmespath"
version = "1.0.1"
source = { registry = "https://pypi.org/simple" }
sdist = { url = "https://files.pythonhosted.org/packages/00/2a/e867e8531cf3e36b41201936b7fa7ba7b5702dbef42922193f05c8976cd6/jmespath-1.0.1.tar.gz", hash = "sha256:90261b206d6defd58fdd5e85f478bf633a2901798906be2ad389150c5c60edbe", size = 25843, upload-time = "2022-06-17T18:00:12.224Z" }
wheels = [
    { url = "https://files.pythonhosted.org/packages/31/b4/b9b800c45527aadd64d5b442f9b932b00648617eb5d63d2c7a6587b7cafc/jmespath-1.0.1-py3-none-any.whl", hash = "sha256:02e2e4cc71b5bcab88332eebf907519190dd9e6e82107fa7f83b1003a6252980", size = 20256, upload-time = "2022-06-17T18:00:10.251Z" },
]

[[package]]
name = "mysql-connector-python"
version = "9.5.0"
source = { registry = "https://pypi.org/simple" }
sdist = { url = "https://files.pythonhosted.org/packages/39/33/b332b001bc8c5ee09255a0d4b09a254da674450edd6a3e5228b245ca82a0/mysql_connector_python-9.5.0.tar.gz", hash = "sha256:92fb924285a86d8c146ebd63d94f9eaefa548da7813bc46271508fdc6cc1d596", size = 12251077, upload-time = "2025-10-22T09:05:45.423Z" }
wheels = [
    { url = "https://files.pythonhosted.org/packages/05/03/77347d58b0027ce93a41858477e08422e498c6ebc24348b1f725ed7a67ae/mysql_connector_python-9.5.0-cp311-cp311-macosx_14_0_arm64.whl", hash = "sha256:653e70cd10cf2d18dd828fae58dff5f0f7a5cf7e48e244f2093314dddf84a4b9", size = 17578984, upload-time = "2025-10-22T09:01:41.213Z" },
    { url = "https://files.pythonhosted.org/packages/a5/bb/0f45c7ee55ebc56d6731a593d85c0e7f25f83af90a094efebfd5be9fe010/mysql_connector_python-9.5.0-cp311-cp311-macosx_14_0_x86_64.whl", hash = "sha256:5add93f60b3922be71ea31b89bc8a452b876adbb49262561bd559860dae96b3f", size = 18445067, upload-time = "2025-10-22T09:01:43.215Z" },
    { url = "https://files.pythonhosted.org/packages/1c/ec/054de99d4aa50d851a37edca9039280f7194cc1bfd30aab38f5bd6977ebe/mysql_connector_python-9.5.0-cp311-cp311-manylinux_2_28_aarch64.whl", hash = "sha256:20950a5e44896c03e3dc93ceb3a5e9b48c9acae18665ca6e13249b3fe5b96811", size = 33668029, upload-time = "2025-10-22T09:01:45.74Z" },
    { url = "https://files.pythonhosted.org/packages/90/a2/e6095dc3a7ad5c959fe4a65681db63af131f572e57cdffcc7816bc84e3ad/mysql_connector_python-9.5.0-cp311-cp311-manylinux_2_28_x86_64.whl", hash = "sha256:7fdd3205b9242c284019310fa84437f3357b13f598e3f9b5d80d337d4a6406b8", size = 34101687, upload-time = "2025-10-22T09:01:48.462Z" },
    { url = "https://files.pythonhosted.org/packages/9c/88/bc13c33fca11acaf808bd1809d8602d78f5bb84f7b1e7b1a288c383a14fd/mysql_connector_python-9.5.0-cp311-cp311-win_amd64.whl", hash = "sha256:c021d8b0830958b28712c70c53b206b4cf4766948dae201ea7ca588a186605e0", size = 16511749, upload-time = "2025-10-22T09:01:51.032Z" },
    { url = "https://files.pythonhosted.org/packages/02/89/167ebee82f4b01ba7339c241c3cc2518886a2be9f871770a1efa81b940a0/mysql_connector_python-9.5.0-cp312-cp312-macosx_14_0_arm64.whl", hash = "sha256:a72c2ef9d50b84f3c567c31b3bf30901af740686baa2a4abead5f202e0b7ea61", size = 17581904, upload-time = "2025-10-22T09:01:53.21Z" },
    { url = "https://files.pythonhosted.org/packages/67/46/630ca969ce10b30fdc605d65dab4a6157556d8cc3b77c724f56c2d83cb79/mysql_connector_python-9.5.0-cp312-cp312-macosx_14_0_x86_64.whl", hash = "sha256:bd9ba5a946cfd3b3b2688a75135357e862834b0321ed936fd968049be290872b", size = 18448195, upload-time = "2025-10-22T09:01:55.378Z" },
    { url = "https://files.pythonhosted.org/packages/f6/87/4c421f41ad169d8c9065ad5c46673c7af889a523e4899c1ac1d6bfd37262/mysql_connector_python-9.5.0-cp312-cp312-manylinux_2_28_aarch64.whl", hash = "sha256:5ef7accbdf8b5f6ec60d2a1550654b7e27e63bf6f7b04020d5fb4191fb02bc4d", size = 33668638, upload-time = "2025-10-22T09:01:57.896Z" },
    { url = "https://files.pythonhosted.org/packages/a6/01/67cf210d50bfefbb9224b9a5c465857c1767388dade1004c903c8e22a991/mysql_connector_python-9.5.0-cp312-cp312-manylinux_2_28_x86_64.whl", hash = "sha256:a6e0a4a0274d15e3d4c892ab93f58f46431222117dba20608178dfb2cc4d5fd8", size = 34102899, upload-time = "2025-10-22T09:02:00.291Z" },
    { url = "https://files.pythonhosted.org/packages/cd/ef/3d1a67d503fff38cc30e11d111cf28f0976987fb175f47b10d44494e1080/mysql_connector_python-9.5.0-cp312-cp312-win_amd64.whl", hash = "sha256:b6c69cb37600b7e22f476150034e2afbd53342a175e20aea887f8158fc5e3ff6", size = 16512684, upload-time = "2025-10-22T09:02:02.411Z" },
    { url = "https://files.pythonhosted.org/packages/72/18/f221aeac49ce94ac119a427afbd51fe1629d48745b571afc0de49647b528/mysql_connector_python-9.5.0-cp313-cp313-macosx_14_0_arm64.whl", hash = "sha256:1f5f7346b0d5edb2e994c1bd77b3f5eed88b0ca368ad6788d1012c7e56d7bf68", size = 17581933, upload-time = "2025-10-22T09:02:04.396Z" },
    { url = "https://files.pythonhosted.org/packages/de/8e/14d44db7353350006a12e46d61c3a995bba06acd7547fc78f9bb32611e0c/mysql_connector_python-9.5.0-cp313-cp313-macosx_14_0_x86_64.whl", hash = "sha256:07bf52591b4215cb4318b4617c327a6d84c31978c11e3255f01a627bcda2618e", size = 18448446, upload-time = "2025-10-22T09:02:06.399Z" },
    { url = "https://files.pythonhosted.org/packages/6b/f5/ab306f292a99bff3544ff44ad53661a031dc1a11e5b1ad64b9e5b5290ef9/mysql_connector_python-9.5.0-cp313-cp313-manylinux_2_28_aarch64.whl", hash = "sha256:8972c1f960b30d487f34f9125ec112ea2b3200bd02c53e5e32ee7a43be6d64c1", size = 33668933, upload-time = "2025-10-22T09:02:08.785Z" },
    { url = "https://files.pythonhosted.org/packages/e8/ee/d146d2642552ebb5811cf551f06aca7da536c80b18fb6c75bdbc29723388/mysql_connector_python-9.5.0-cp313-cp313-manylinux_2_28_x86_64.whl", hash = "sha256:f6d32d7aa514d2f6f8709ba1e018314f82ab2acea2e6af30d04c1906fe9171b9", size = 34103214, upload-time = "2025-10-22T09:02:11.657Z" },
    { url = "https://files.pythonhosted.org/packages/e7/f8/5e88e5eda1fe58f7d146b73744f691d85dce76fb42e7ce3de53e49911da3/mysql_connector_python-9.5.0-cp313-cp313-win_amd64.whl", hash = "sha256:edd47048eb65c196b28aa9d2c0c6a017d8ca084a9a7041cd317301c829eb5a05", size = 16512689, upload-time = "2025-10-22T09:02:14.167Z" },
    { url = "https://files.pythonhosted.org/packages/14/42/52bef145028af1b8e633eb77773278a04b2cd9f824117209aba093018445/mysql_connector_python-9.5.0-cp314-cp314-macosx_14_0_arm64.whl", hash = "sha256:6effda35df1a96d9a096f04468d40f2324ea36b34d0e9632e81daae8be97b308", size = 17581903, upload-time = "2025-10-22T09:02:16.441Z" },
    { url = "https://files.pythonhosted.org/packages/f4/a6/bd800b42bde86bf2e9468dfabcbd7538c66daff9d1a9fc97d2cc897f96fa/mysql_connector_python-9.5.0-cp314-cp314-macosx_14_0_x86_64.whl", hash = "sha256:fd057bd042464eedbf5337d1ceea7f2a4ab075a1cf6d1d62ffd5184966a656dd", size = 18448394, upload-time = "2025-10-22T09:02:18.436Z" },
    { url = "https://files.pythonhosted.org/packages/4a/21/a1a3247775d0dfee094499cb915560755eaa1013ac3b03e34a98b0e16e49/mysql_connector_python-9.5.0-cp314-cp314-manylinux_2_28_aarch64.whl", hash = "sha256:2797dd7bbefb1d1669d984cfb284ea6b34401bbd9c1b3bf84e646d0bd3a82197", size = 33669845, upload-time = "2025-10-22T09:02:20.966Z" },
    { url = "https://files.pythonhosted.org/packages/58/b7/dcab48349ab8abafd6f40f113101549e0cf107e43dd9c7e1fae79799604b/mysql_connector_python-9.5.0-cp314-cp314-manylinux_2_28_x86_64.whl", hash = "sha256:a5fff063ed48281b7374a4da6b9ef4293d390c153f79b1589ee547ea08c92310", size = 34104103, upload-time = "2025-10-22T09:02:23.469Z" },
    { url = "https://files.pythonhosted.org/packages/21/3a/be129764fe5f5cd89a5aa3f58e7a7471284715f4af71097a980d24ebec0a/mysql_connector_python-9.5.0-cp314-cp314-win_amd64.whl", hash = "sha256:56104693478fd447886c470a6d0558ded0fe2577df44c18232a6af6a2bbdd3e9", size = 17001255, upload-time = "2025-10-22T09:02:25.765Z" },
    { url = "https://files.pythonhosted.org/packages/95/e1/45373c06781340c7b74fe9b88b85278ac05321889a307eaa5be079a997d4/mysql_connector_python-9.5.0-py2.py3-none-any.whl", hash = "sha256:ace137b88eb6fdafa1e5b2e03ac76ce1b8b1844b3a4af1192a02ae7c1a45bdee", size = 479047, upload-time = "2025-10-22T09:02:27.809Z" },
]

[[package]]
name = "python-dateutil"
version = "2.9.0.post0"
source = { registry = "https://pypi.org/simple" }
dependencies = [
    { name = "six" },
]
sdist = { url = "https://files.pythonhosted.org/packages/66/c0/0c8b6ad9f17a802ee498c46e004a0eb49bc148f2fd230864601a86dcf6db/python-dateutil-2.9.0.post0.tar.gz", hash = "sha256:37dd54208da7e1cd875388217d5e00ebd4179249f90fb72437e91a35459a0ad3", size = 342432, upload-time = "2024-03-01T18:36:20.211Z" }
wheels = [
    { url = "https://files.pythonhosted.org/packages/ec/57/56b9bcc3c9c6a792fcbaf139543cee77261f3651ca9da0c93f5c1221264b/python_dateutil-2.9.0.post0-py2.py3-none-any.whl", hash = "sha256:a8b2bc7bffae282281c8140a97d3aa9c14da0b136dfe83f850eea9a5f7470427", size = 229892, upload-time = "2024-03-01T18:36:18.57Z" },
]

[[package]]
name = "s3transfer"
version = "0.14.0"
source = { registry = "https://pypi.org/simple" }
dependencies = [
    { name = "botocore" },
]
sdist = { url = "https://files.pythonhosted.org/packages/62/74/8d69dcb7a9efe8baa2046891735e5dfe433ad558ae23d9e3c14c633d1d58/s3transfer-0.14.0.tar.gz", hash = "sha256:eff12264e7c8b4985074ccce27a3b38a485bb7f7422cc8046fee9be4983e4125", size = 151547, upload-time = "2025-09-09T19:23:31.089Z" }
wheels = [
    { url = "https://files.pythonhosted.org/packages/48/f0/ae7ca09223a81a1d890b2557186ea015f6e0502e9b8cb8e1813f1d8cfa4e/s3transfer-0.14.0-py3-none-any.whl", hash = "sha256:ea3b790c7077558ed1f02a3072fb3cb992bbbd253392f4b6e9e8976941c7d456", size = 85712, upload-time = "2025-09-09T19:23:30.041Z" },
]

[[package]]
name = "siat-xml-to-sql"
version = "0.1.0"
source = { virtual = "." }
dependencies = [
    { name = "boto3" },
    { name = "mysql-connector-python" },
]

[package.metadata]
requires-dist = [
    { name = "boto3" },
    { name = "mysql-connector-python" },
]

[[package]]
name = "six"
version = "1.17.0"
source = { registry = "https://pypi.org/simple" }
sdist = { url = "https://files.pythonhosted.org/packages/94/e7/b2c673351809dca68a0e064b6af791aa332cf192da575fd474ed7d6f16a2/six-1.17.0.tar.gz", hash = "sha256:ff70335d468e7eb6ec65b95b99d3a2836546063f63acc5171de367e834932a81", size = 34031, upload-time = "2024-12-04T17:35:28.174Z" }
wheels = [
    { url = "https://files.pythonhosted.org/packages/b7/ce/149a00dd41f10bc29e5921b496af8b574d8413afcd5e30dfa0ed46c2cc5e/six-1.17.0-py2.py3-none-any.whl", hash = "sha256:4721f391ed90541fddacab5acf947aa0d3dc7d27b2e1e8eda2be8970586c3274", size = 11050, upload-time = "2024-12-04T17:35:26.475Z" },
]

[[package]]
name = "urllib3"
version = "2.5.0"
source = { registry = "https://pypi.org/simple" }
sdist = { url = "https://files.pythonhosted.org/packages/15/22/9ee70a2574a4f4599c47dd506532914ce044817c7752a79b6a51286319bc/urllib3-2.5.0.tar.gz", hash = "sha256:3fc47733c7e419d4bc3f6b3dc2b4f890bb743906a30d56ba4a5bfa4bbff92760", size = 393185, upload-time = "2025-06-18T14:07:41.644Z" }
wheels = [
    { url = "https://files.pythonhosted.org/packages/a7/c2/fe1e52489ae3122415c51f387e221dd0773709bad6c6cdaa599e8a2c5185/urllib3-2.5.0-py3-none-any.whl", hash = "sha256:e6b01673c0fa6a13e374b50871808eb3bf7046c4b125b216f6bf1cc604cff0dc", size = 129795, upload-time = "2025-06-18T14:07:40.39Z" },
]
